# This file is automatically @generated by Poetry 2.2.1 and should not be changed by hand.

[[package]]
name = "altgraph"
version = "0.17.5"
description = "Python graph (network) package"
optional = false
python-versions = "*"
groups = ["main"]
files = [
    {file = "altgraph-0.17.5-py2.py3-none-any.whl", hash = "sha256:f3a22400bce1b0c701683820ac4f3b159cd301acab067c51c653e06961600597"},
    {file = "altgraph-0.17.5.tar.gz", hash = "sha256:c87b395dd12fabde9c99573a9749d67da8d29ef9de0125c7f536699b4a9bc9e7"},
]

[[package]]
name = "cython"
version = "3.2.2"
description = "The Cython compiler for writing C extensions in the Python language."
optional = false
python-versions = ">=3.8"
groups = ["main"]
files = [
    {file = "cython-3.2.2-cp310-cp310-macosx_11_0_arm64.whl", hash = "sha256:b5afac4e77e71a9010dc7fd3191ced00f9b12b494dd7525c140781054ce63a73"},
    {file = "cython-3.2.2-cp310-cp310-manylinux2014_aarch64.manylinux_2_17_aarch64.manylinux_2_28_aarch64.whl", hash = "sha256:9cd2ede6af225499ad22888dbfb13b92d71fc1016f401ee637559a5831b177c2"},
    {file = "cython-3.2.2-cp310-cp310-manylinux2014_x86_64.manylinux_2_17_x86_64.manylinux_2_28_x86_64.whl", hash = "sha256:8c9265b3e84ae2d999b7c3165c683e366bbbbbe4346468055ca2366fe013f2df"},
    {file = "cython-3.2.2-cp310-cp310-win_amd64.whl", hash = "sha256:d7b3447b2005dffc5f276d420a480d2b57d15091242652d410b6a46fb00ed251"},
    {file = "cython-3.2.2-cp311-cp311-macosx_11_0_arm64.whl", hash = "sha256:d140c2701cbb8cf960300cf1b67f3b4fa9d294d32e51b85f329bff56936a82fd"},
    {file = "cython-3.2.2-cp311-cp311-manylinux2014_aarch64.manylinux_2_17_aarch64.manylinux_2_28_aarch64.whl", hash = "sha256:50bbaabee733fd2780985e459fc20f655e02def83e8eff10220ad88455a34622"},
    {file = "cython-3.2.2-cp311-cp311-manylinux2014_x86_64.manylinux_2_17_x86_64.manylinux_2_28_x86_64.whl", hash = "sha256:a9509f1e9c41c86b790cff745bb31927bbc861662a3b462596d71d3d2a578abb"},
    {file = "cython-3.2.2-cp311-cp311-win_amd64.whl", hash = "sha256:034ab96cb8bc8e7432bc27491f8d66f51e435b1eb21ddc03aa844be8f21ad847"},
    {file = "cython-3.2.2-cp312-cp312-macosx_11_0_arm64.whl", hash = "sha256:692a41c8fe06fb2dc55ca2c8d71c80c469fd16fe69486ed99f3b3cbb2d3af83f"},
    {file = "cython-3.2.2-cp312-cp312-manylinux2014_aarch64.manylinux_2_17_aarch64.manylinux_2_28_aarch64.whl", hash = "sha256:098590c1dc309f8a0406ade031963a95a87714296b425539f9920aebf924560d"},
    {file = "cython-3.2.2-cp312-cp312-manylinux2014_x86_64.manylinux_2_17_x86_64.manylinux_2_28_x86_64.whl", hash = "sha256:a3898c076e9c458bcb3e4936187919fda5f5365fe4c567d35d2b003444b6f3fe"},
    {file = "cython-3.2.2-cp312-cp312-win_amd64.whl", hash = "sha256:2b910b89a2a71004064c5e890b9512a251eda63fae252caa0feb9835057035f9"},
    {file = "cython-3.2.2-cp313-cp313-macosx_11_0_arm64.whl", hash = "sha256:aa24cd0bdab27ca099b2467806c684404add597c1108e07ddf7b6471653c85d7"},
    {file = "cython-3.2.2-cp313-cp313-manylinux2014_aarch64.manylinux_2_17_aarch64.manylinux_2_28_aarch64.whl", hash = "sha256:60f4aa425e1ff98abf8d965ae7020f06dd2cbc01dbd945137d2f9cca4ff0524a"},
    {file = "cython-3.2.2-cp313-cp313-manylinux2014_x86_64.manylinux_2_17_x86_64.manylinux_2_28_x86_64.whl", hash = "sha256:a473df474ba89e9fee81ee82b31062a267f9e598096b222783477e56d02ad12c"},
    {file = "cython-3.2.2-cp313-cp313-win_amd64.whl", hash = "sha256:b4df52101209817fde7284cf779156f79142fb639b1d7840f11680ff4bb30604"},
    {file = "cython-3.2.2-cp314-cp314-macosx_11_0_arm64.whl", hash = "sha256:177faf4d61e9f2d4d2db61194ac9ec16d3fe3041c1b6830f871a01935319eeb3"},
    {file = "cython-3.2.2-cp314-cp314-manylinux2014_aarch64.manylinux_2_17_aarch64.manylinux_2_28_aarch64.whl", hash = "sha256:8db28aef793c81dc69383b619ca508668998aaf099cd839d3cbae85184cce744"},
    {file = "cython-3.2.2-cp314-cp314-manylinux2014_x86_64.manylinux_2_17_x86_64.manylinux_2_28_x86_64.whl", hash = "sha256:3de43a5786033a27fae1c882feb5ff0d023c38b83356e6800c1be0bcd6cf9f11"},
    {file = "cython-3.2.2-cp314-cp314-win_amd64.whl", hash = "sha256:fed44d0ab2d36f1b0301c770b0dafec23bcb9700d58e7769cd6d9136b3304c11"},
    {file = "cython-3.2.2-cp38-cp38-macosx_11_0_arm64.whl", hash = "sha256:e7200309b81f4066cf36a96efeec646716ca74afd73d159045169263db891133"},
    {file = "cython-3.2.2-cp38-cp38-manylinux2014_aarch64.manylinux_2_17_aarch64.manylinux_2_28_aarch64.whl", hash = "sha256:8e72ee88a9a5381d30a6da116a3c8352730b9b038a49ed9bc5c3d0ed6d69b06c"},
    {file = "cython-3.2.2-cp38-cp38-manylinux2014_x86_64.manylinux_2_17_x86_64.manylinux_2_28_x86_64.whl", hash = "sha256:0e35ff0f1bb3a7a5c40afb8fb540e4178b6551909f10748bf39d323f8140ccf3"},
    {file = "cython-3.2.2-cp38-cp38-win_amd64.whl", hash = "sha256:b223c1f84c3420c24f6a4858e979524bd35a79437a5839e29d41201c87ed119d"},
    {file = "cython-3.2.2-cp39-abi3-macosx_10_9_x86_64.whl", hash = "sha256:a6387e3ad31342443916db9a419509935fddd8d4cbac34aab9c895ae55326a56"},
    {file = "cython-3.2.2-cp39-abi3-manylinux1_i686.manylinux_2_28_i686.manylinux_2_5_i686.whl", hash = "sha256:436eb562d0affbc0b959f62f3f9c1ed251b9499e4f29c1d19514ae859894b6bf"},
    {file = "cython-3.2.2-cp39-abi3-manylinux2014_armv7l.manylinux_2_17_armv7l.manylinux_2_31_armv7l.whl", hash = "sha256:f560ff3aea5b5df93853ec7bf1a1e9623d6d511f4192f197559aca18fca43392"},
    {file = "cython-3.2.2-cp39-abi3-musllinux_1_2_aarch64.whl", hash = "sha256:d8c93fe128b58942832b1fcac96e48f93c2c69b569eff0d38d30fb5995fecfa0"},
    {file = "cython-3.2.2-cp39-abi3-musllinux_1_2_armv7l.whl", hash = "sha256:b4fe499eed7cd70b2aa4e096b9ce2588f5e6fdf049b46d40a5e55efcde6e4904"},
    {file = "cython-3.2.2-cp39-abi3-musllinux_1_2_i686.whl", hash = "sha256:14432d7f207245a3c35556155873f494784169297b28978a6204f1c60d31553e"},
    {file = "cython-3.2.2-cp39-abi3-musllinux_1_2_x86_64.whl", hash = "sha256:820c4a99dbf6b3e6c0300be42b4040b501eff0e1feeb80cfa52c48a346fb0df2"},
    {file = "cython-3.2.2-cp39-abi3-win32.whl", hash = "sha256:826cad0ad43ab05a26e873b5d625f64d458dc739ec6fdeecab848b60a91c4252"},
    {file = "cython-3.2.2-cp39-abi3-win_arm64.whl", hash = "sha256:5f818d40bbcf17e2089e2de7840f0de1c0ca527acf9b044aba79d5f5d8a5bdba"},
    {file = "cython-3.2.2-cp39-cp39-macosx_11_0_arm64.whl", hash = "sha256:ff07e784ea748225bbdea07fec0ac451379e9e41a0a84cb57b36db19dd01ae71"},
    {file = "cython-3.2.2-cp39-cp39-manylinux2014_aarch64.manylinux_2_17_aarch64.manylinux_2_28_aarch64.whl", hash = "sha256:aff11412ed5fc78bd8b148621f4d1034fcad6cfcba468c20cd9f327b4f61ec3e"},
    {file = "cython-3.2.2-cp39-cp39-manylinux2014_x86_64.manylinux_2_17_x86_64.manylinux_2_28_x86_64.whl", hash = "sha256:ca18d9d53c0e2f0c9347478b37532b46e0dc34c704e052ab1b0d8b21a290fc0f"},
    {file = "cython-3.2.2-cp39-cp39-win_amd64.whl", hash = "sha256:86b1d39a1ea974dd16fe3bcef0df7b64dadd0bd38d05a339f287b48d37cb109f"},
    {file = "cython-3.2.2-py3-none-any.whl", hash = "sha256:13b99ecb9482aff6a6c12d1ca6feef6940c507af909914b49f568de74fa965fb"},
    {file = "cython-3.2.2.tar.gz", hash = "sha256:c3add3d483acc73129a61d105389344d792c17e7c1cee24863f16416bd071634"},
]

[[package]]
name = "hydra"
version = "2.5"
description = "A high performance persistent bloom filter"
optional = false
python-versions = "*"
groups = ["main"]
files = [
    {file = "Hydra-2.5.tar.gz", hash = "sha256:247091b9c279c77686ea995f0f07070a28870c1942959b1474ad57076074384a"},
]

[[package]]
name = "macholib"
version = "1.16.4"
description = "Mach-O header analysis and editing"
optional = false
python-versions = "*"
groups = ["main"]
markers = "sys_platform == \"darwin\""
files = [
    {file = "macholib-1.16.4-py2.py3-none-any.whl", hash = "sha256:da1a3fa8266e30f0ce7e97c6a54eefaae8edd1e5f86f3eb8b95457cae90265ea"},
    {file = "macholib-1.16.4.tar.gz", hash = "sha256:f408c93ab2e995cd2c46e34fe328b130404be143469e41bc366c807448979362"},
]

[package.dependencies]
altgraph = ">=0.17"

[[package]]
name = "packaging"
version = "25.0"
description = "Core utilities for Python packages"
optional = false
python-versions = ">=3.8"
groups = ["main"]
files = [
    {file = "packaging-25.0-py3-none-any.whl", hash = "sha256:29572ef2b1f17581046b3a2227d5c611fb25ec70ca1ba8554b24b0e69331a484"},
    {file = "packaging-25.0.tar.gz", hash = "sha256:d443872c98d677bf60f6a1f2f8c1cb748e8fe762d2bf9d3148b5599295b0fc4f"},
]

[[package]]
name = "pefile"
version = "2024.8.26"
description = "Python PE parsing module"
optional = false
python-versions = ">=3.6.0"
groups = ["main"]
markers = "sys_platform == \"win32\""
files = [
    {file = "pefile-2024.8.26-py3-none-any.whl", hash = "sha256:76f8b485dcd3b1bb8166f1128d395fa3d87af26360c2358fb75b80019b957c6f"},
    {file = "pefile-2024.8.26.tar.gz", hash = "sha256:3ff6c5d8b43e8c37bb6e6dd5085658d658a7a0bdcd20b6a07b1fcfc1c4e9d632"},
]

[[package]]
name = "pyinstaller"
version = "6.17.0"
description = "PyInstaller bundles a Python application and all its dependencies into a single package."
optional = false
python-versions = "<3.15,>=3.8"
groups = ["main"]
files = [
    {file = "pyinstaller-6.17.0-py3-none-macosx_10_13_universal2.whl", hash = "sha256:4e446b8030c6e5a2f712e3f82011ecf6c7ead86008357b0d23a0ec4bcde31dac"},
    {file = "pyinstaller-6.17.0-py3-none-manylinux2014_aarch64.whl", hash = "sha256:aa9fd87aaa28239c6f0d0210114029bd03f8cac316a90bab071a5092d7c85ad7"},
    {file = "pyinstaller-6.17.0-py3-none-manylinux2014_i686.whl", hash = "sha256:060b122e43e7c0b23e759a4153be34bd70914135ab955bb18a67181e0dca85a2"},
    {file = "pyinstaller-6.17.0-py3-none-manylinux2014_ppc64le.whl", hash = "sha256:cd213d1a545c97dfe4a3c40e8213ff7c5127fc115c49229f27a3fa541503444b"},
    {file = "pyinstaller-6.17.0-py3-none-manylinux2014_s390x.whl", hash = "sha256:89c0d18ba8b62c6607abd8cf2299ae5ffa5c36d8c47f39608ce8c3f357f6099f"},
    {file = "pyinstaller-6.17.0-py3-none-manylinux2014_x86_64.whl", hash = "sha256:2a147b83cdebb07855bd5a663600891550062373a2ca375c58eacead33741a27"},
    {file = "pyinstaller-6.17.0-py3-none-musllinux_1_1_aarch64.whl", hash = "sha256:f8cfbbfa6708e54fb936df6dd6eafaf133e84efb0d2fe25b91cfeefa793c4ca4"},
    {file = "pyinstaller-6.17.0-py3-none-musllinux_1_1_x86_64.whl", hash = "sha256:97f4c1942f7b4cd73f9e38b49cc8f5f8a6fbb44922cb60dd3073a189b77ee1ae"},
    {file = "pyinstaller-6.17.0-py3-none-win32.whl", hash = "sha256:ce0be227a037fd4be672226db709088565484f597d6b230bceec19850fdd4c85"},
    {file = "pyinstaller-6.17.0-py3-none-win_amd64.whl", hash = "sha256:b019940dbf7a01489d6b26f9fb97db74b504e0a757010f7ad078675befc85a82"},
    {file = "pyinstaller-6.17.0-py3-none-win_arm64.whl", hash = "sha256:3c92a335e338170df7e615f75279cfeea97ade89e6dd7694943c8c185460f7b7"},
    {file = "pyinstaller-6.17.0.tar.gz", hash = "sha256:be372bd911392b88277e510940ac32a5c2a6ce4b8d00a311c78fa443f4f27313"},
]

[package.dependencies]
altgraph = "*"
macholib = {version = ">=1.8", markers = "sys_platform == \"darwin\""}
packaging = ">=22.0"
pefile = {version = ">=2022.5.30", markers = "sys_platform == \"win32\""}
pyinstaller-hooks-contrib = ">=2025.9"
pywin32-ctypes = {version = ">=0.2.1", markers = "sys_platform == \"win32\""}
setuptools = ">=42.0.0"

[package.extras]
completion = ["argcomplete"]
hook-testing = ["execnet (>=1.5.0)", "psutil", "pytest (>=2.7.3)"]

[[package]]
name = "pyinstaller-hooks-contrib"
version = "2025.10"
description = "Community maintained hooks for PyInstaller"
optional = false
python-versions = ">=3.8"
groups = ["main"]
files = [
    {file = "pyinstaller_hooks_contrib-2025.10-py3-none-any.whl", hash = "sha256:aa7a378518772846221f63a84d6306d9827299323243db890851474dfd1231a9"},
    {file = "pyinstaller_hooks_contrib-2025.10.tar.gz", hash = "sha256:a1a737e5c0dccf1cf6f19a25e2efd109b9fec9ddd625f97f553dac16ee884881"},
]

[package.dependencies]
packaging = ">=22.0"
setuptools = ">=42.0.0"

[[package]]
name = "pywin32-ctypes"
version = "0.2.3"
description = "A (partial) reimplementation of pywin32 using ctypes/cffi"
optional = false
python-versions = ">=3.6"
groups = ["main"]
markers = "sys_platform == \"win32\""
files = [
    {file = "pywin32-ctypes-0.2.3.tar.gz", hash = "sha256:d162dc04946d704503b2edc4d55f3dba5c1d539ead017afa00142c38b9885755"},
    {file = "pywin32_ctypes-0.2.3-py3-none-any.whl", hash = "sha256:8a1513379d709975552d202d942d9837758905c8d01eb82b8bcc30918929e7b8"},
]

[[package]]
name = "setuptools"
version = "80.9.0"
description = "Easily download, build, install, upgrade, and uninstall Python packages"
optional = false
python-versions = ">=3.9"
groups = ["main"]
files = [
    {file = "setuptools-80.9.0-py3-none-any.whl", hash = "sha256:062d34222ad13e0cc312a4c02d73f059e86a4acbfbdea8f8f76b28c99f306922"},
    {file = "setuptools-80.9.0.tar.gz", hash = "sha256:f36b47402ecde768dbfafc46e8e4207b4360c654f1f3bb84475f0a28628fb19c"},
]

[package.extras]
check = ["pytest-checkdocs (>=2.4)", "pytest-ruff (>=0.2.1) ; sys_platform != \"cygwin\"", "ruff (>=0.8.0) ; sys_platform != \"cygwin\""]
core = ["importlib_metadata (>=6) ; python_version < \"3.10\"", "jaraco.functools (>=4)", "jaraco.text (>=3.7)", "more_itertools", "more_itertools (>=8.8)", "packaging (>=24.2)", "platformdirs (>=4.2.2)", "tomli (>=2.0.1) ; python_version < \"3.11\"", "wheel (>=0.43.0)"]
cover = ["pytest-cov"]
doc = ["furo", "jaraco.packaging (>=9.3)", "jaraco.tidelift (>=1.4)", "pygments-github-lexers (==0.0.5)", "pyproject-hooks (!=1.1)", "rst.linker (>=1.9)", "sphinx (>=3.5)", "sphinx-favicon", "sphinx-inline-tabs", "sphinx-lint", "sphinx-notfound-page (>=1,<2)", "sphinx-reredirects", "sphinxcontrib-towncrier", "towncrier (<24.7)"]
enabler = ["pytest-enabler (>=2.2)"]
test = ["build[virtualenv] (>=1.0.3)", "filelock (>=3.4.0)", "ini2toml[lite] (>=0.14)", "jaraco.develop (>=7.21) ; python_version >= \"3.9\" and sys_platform != \"cygwin\"", "jaraco.envs (>=2.2)", "jaraco.path (>=3.7.2)", "jaraco.test (>=5.5)", "packaging (>=24.2)", "pip (>=19.1)", "pyproject-hooks (!=1.1)", "pytest (>=6,!=8.1.*)", "pytest-home (>=0.5)", "pytest-perf ; sys_platform != \"cygwin\"", "pytest-subprocess", "pytest-timeout", "pytest-xdist (>=3)", "tomli-w (>=1.0.0)", "virtualenv (>=13.0.0)", "wheel (>=0.44.0)"]
type = ["importlib_metadata (>=7.0.2) ; python_version < \"3.10\"", "jaraco.develop (>=7.21) ; sys_platform != \"cygwin\"", "mypy (==1.14.*)", "pytest-mypy"]

[metadata]
lock-version = "2.1"
python-versions = ">=3.12,<3.15"
content-hash = "0a409d7cd3e4a7f306c75c71d7ad1d1e367a4a34fe0f30adc8e48bf3b531b273"
